
Microsoft Visual Studio Solution File, Format Version 12.00
# Visual Studio 2012
Project("{FAE04EC0-301F-11D3-BF4B-00C04F79EFBC}") = "SmartGuard.Core", "SmartGuard.Core\SmartGuard.Core.csproj", "{5D31F93A-696A-4844-AB06-1F583C09FD39}"
EndProject
Project("{FAE04EC0-301F-11D3-BF4B-00C04F79EFBC}") = "SmartGuard.Phone", "SmartGuard.Phone\SmartGuard.Phone.csproj", "{39218B90-4153-4AB3-9E3A-6B272357F478}"
EndProject
Project("{FAE04EC0-301F-11D3-BF4B-00C04F79EFBC}") = "SmartGuard.Store", "SmartGuard.Store\SmartGuard.Store.csproj", "{549D0C8F-200B-4965-B30A-3CB950072BEE}"
EndProject
Project("{F088123C-0E9E-452A-89E6-6BA2F21D5CAC}") = "SmartGuard.Modeling", "SmartGuard.Modeling\SmartGuard.Modeling.modelproj", "{C5BEB18F-8151-423A-8729-D520C8E2ACB6}"
EndProject
Global
	GlobalSection(SolutionConfigurationPlatforms) = preSolution
		Debug|Any CPU = Debug|Any CPU
		Debug|ARM = Debug|ARM
		Debug|Mixed Platforms = Debug|Mixed Platforms
		Debug|x64 = Debug|x64
		Debug|x86 = Debug|x86
		Release|Any CPU = Release|Any CPU
		Release|ARM = Release|ARM
		Release|Mixed Platforms = Release|Mixed Platforms
		Release|x64 = Release|x64
		Release|x86 = Release|x86
	EndGlobalSection
	GlobalSection(ProjectConfigurationPlatforms) = postSolution
		{5D31F93A-696A-4844-AB06-1F583C09FD39}.Debug|Any CPU.ActiveCfg = Debug|Any CPU
		{5D31F93A-696A-4844-AB06-1F583C09FD39}.Debug|Any CPU.Build.0 = Debug|Any CPU
		{5D31F93A-696A-4844-AB06-1F583C09FD39}.Debug|ARM.ActiveCfg = Debug|Any CPU
		{5D31F93A-696A-4844-AB06-1F583C09FD39}.Debug|Mixed Platforms.ActiveCfg = Debug|Any CPU
		{5D31F93A-696A-4844-AB06-1F583C09FD39}.Debug|Mixed Platforms.Build.0 = Debug|Any CPU
		{5D31F93A-696A-4844-AB06-1F583C09FD39}.Debug|x64.ActiveCfg = Debug|Any CPU
		{5D31F93A-696A-4844-AB06-1F583C09FD39}.Debug|x86.ActiveCfg = Debug|Any CPU
		{5D31F93A-696A-4844-AB06-1F583C09FD39}.Release|Any CPU.ActiveCfg = Release|Any CPU
		{5D31F93A-696A-4844-AB06-1F583C09FD39}.Release|Any CPU.Build.0 = Release|Any CPU
		{5D31F93A-696A-4844-AB06-1F583C09FD39}.Release|ARM.ActiveCfg = Release|Any CPU
		{5D31F93A-696A-4844-AB06-1F583C09FD39}.Release|Mixed Platforms.ActiveCfg = Release|Any CPU
		{5D31F93A-696A-4844-AB06-1F583C09FD39}.Release|Mixed Platforms.Build.0 = Release|Any CPU
		{5D31F93A-696A-4844-AB06-1F583C09FD39}.Release|x64.ActiveCfg = Release|Any CPU
		{5D31F93A-696A-4844-AB06-1F583C09FD39}.Release|x86.ActiveCfg = Release|Any CPU
		{39218B90-4153-4AB3-9E3A-6B272357F478}.Debug|Any CPU.ActiveCfg = Debug|Any CPU
		{39218B90-4153-4AB3-9E3A-6B272357F478}.Debug|Any CPU.Build.0 = Debug|Any CPU
		{39218B90-4153-4AB3-9E3A-6B272357F478}.Debug|Any CPU.Deploy.0 = Debug|Any CPU
		{39218B90-4153-4AB3-9E3A-6B272357F478}.Debug|ARM.ActiveCfg = Debug|ARM
		{39218B90-4153-4AB3-9E3A-6B272357F478}.Debug|ARM.Build.0 = Debug|ARM
		{39218B90-4153-4AB3-9E3A-6B272357F478}.Debug|ARM.Deploy.0 = Debug|ARM
		{39218B90-4153-4AB3-9E3A-6B272357F478}.Debug|Mixed Platforms.ActiveCfg = Debug|x86
		{39218B90-4153-4AB3-9E3A-6B272357F478}.Debug|Mixed Platforms.Build.0 = Debug|x86
		{39218B90-4153-4AB3-9E3A-6B272357F478}.Debug|Mixed Platforms.Deploy.0 = Debug|x86
		{39218B90-4153-4AB3-9E3A-6B272357F478}.Debug|x64.ActiveCfg = Debug|Any CPU
		{39218B90-4153-4AB3-9E3A-6B272357F478}.Debug|x86.ActiveCfg = Debug|ARM
		{39218B90-4153-4AB3-9E3A-6B272357F478}.Debug|x86.Build.0 = Debug|ARM
		{39218B90-4153-4AB3-9E3A-6B272357F478}.Debug|x86.Deploy.0 = Debug|ARM
		{39218B90-4153-4AB3-9E3A-6B272357F478}.Release|Any CPU.ActiveCfg = Release|Any CPU
		{39218B90-4153-4AB3-9E3A-6B272357F478}.Release|Any CPU.Build.0 = Release|Any CPU
		{39218B90-4153-4AB3-9E3A-6B272357F478}.Release|Any CPU.Deploy.0 = Release|Any CPU
		{39218B90-4153-4AB3-9E3A-6B272357F478}.Release|ARM.ActiveCfg = Release|ARM
		{39218B90-4153-4AB3-9E3A-6B272357F478}.Release|ARM.Build.0 = Release|ARM
		{39218B90-4153-4AB3-9E3A-6B272357F478}.Release|ARM.Deploy.0 = Release|ARM
		{39218B90-4153-4AB3-9E3A-6B272357F478}.Release|Mixed Platforms.ActiveCfg = Release|x86
		{39218B90-4153-4AB3-9E3A-6B272357F478}.Release|Mixed Platforms.Build.0 = Release|x86
		{39218B90-4153-4AB3-9E3A-6B272357F478}.Release|Mixed Platforms.Deploy.0 = Release|x86
		{39218B90-4153-4AB3-9E3A-6B272357F478}.Release|x64.ActiveCfg = Release|Any CPU
		{39218B90-4153-4AB3-9E3A-6B272357F478}.Release|x86.ActiveCfg = Release|ARM
		{39218B90-4153-4AB3-9E3A-6B272357F478}.Release|x86.Build.0 = Release|ARM
		{39218B90-4153-4AB3-9E3A-6B272357F478}.Release|x86.Deploy.0 = Release|ARM
		{549D0C8F-200B-4965-B30A-3CB950072BEE}.Debug|Any CPU.ActiveCfg = Debug|Any CPU
		{549D0C8F-200B-4965-B30A-3CB950072BEE}.Debug|Any CPU.Build.0 = Debug|Any CPU
		{549D0C8F-200B-4965-B30A-3CB950072BEE}.Debug|Any CPU.Deploy.0 = Debug|Any CPU
		{549D0C8F-200B-4965-B30A-3CB950072BEE}.Debug|ARM.ActiveCfg = Debug|ARM
		{549D0C8F-200B-4965-B30A-3CB950072BEE}.Debug|ARM.Build.0 = Debug|ARM
		{549D0C8F-200B-4965-B30A-3CB950072BEE}.Debug|ARM.Deploy.0 = Debug|ARM
		{549D0C8F-200B-4965-B30A-3CB950072BEE}.Debug|Mixed Platforms.ActiveCfg = Debug|x86
		{549D0C8F-200B-4965-B30A-3CB950072BEE}.Debug|Mixed Platforms.Build.0 = Debug|x86
		{549D0C8F-200B-4965-B30A-3CB950072BEE}.Debug|Mixed Platforms.Deploy.0 = Debug|x86
		{549D0C8F-200B-4965-B30A-3CB950072BEE}.Debug|x64.ActiveCfg = Debug|x64
		{549D0C8F-200B-4965-B30A-3CB950072BEE}.Debug|x64.Build.0 = Debug|x64
		{549D0C8F-200B-4965-B30A-3CB950072BEE}.Debug|x64.Deploy.0 = Debug|x64
		{549D0C8F-200B-4965-B30A-3CB950072BEE}.Debug|x86.ActiveCfg = Debug|x86
		{549D0C8F-200B-4965-B30A-3CB950072BEE}.Debug|x86.Build.0 = Debug|x86
		{549D0C8F-200B-4965-B30A-3CB950072BEE}.Debug|x86.Deploy.0 = Debug|x86
		{549D0C8F-200B-4965-B30A-3CB950072BEE}.Release|Any CPU.ActiveCfg = Release|Any CPU
		{549D0C8F-200B-4965-B30A-3CB950072BEE}.Release|Any CPU.Build.0 = Release|Any CPU
		{549D0C8F-200B-4965-B30A-3CB950072BEE}.Release|Any CPU.Deploy.0 = Release|Any CPU
		{549D0C8F-200B-4965-B30A-3CB950072BEE}.Release|ARM.ActiveCfg = Release|ARM
		{549D0C8F-200B-4965-B30A-3CB950072BEE}.Release|ARM.Build.0 = Release|ARM
		{549D0C8F-200B-4965-B30A-3CB950072BEE}.Release|ARM.Deploy.0 = Release|ARM
		{549D0C8F-200B-4965-B30A-3CB950072BEE}.Release|Mixed Platforms.ActiveCfg = Release|x86
		{549D0C8F-200B-4965-B30A-3CB950072BEE}.Release|Mixed Platforms.Build.0 = Release|x86
		{549D0C8F-200B-4965-B30A-3CB950072BEE}.Release|Mixed Platforms.Deploy.0 = Release|x86
		{549D0C8F-200B-4965-B30A-3CB950072BEE}.Release|x64.ActiveCfg = Release|x64
		{549D0C8F-200B-4965-B30A-3CB950072BEE}.Release|x64.Build.0 = Release|x64
		{549D0C8F-200B-4965-B30A-3CB950072BEE}.Release|x64.Deploy.0 = Release|x64
		{549D0C8F-200B-4965-B30A-3CB950072BEE}.Release|x86.ActiveCfg = Release|x86
		{549D0C8F-200B-4965-B30A-3CB950072BEE}.Release|x86.Build.0 = Release|x86
		{549D0C8F-200B-4965-B30A-3CB950072BEE}.Release|x86.Deploy.0 = Release|x86
		{C5BEB18F-8151-423A-8729-D520C8E2ACB6}.Debug|Any CPU.ActiveCfg = Debug|Any CPU
		{C5BEB18F-8151-423A-8729-D520C8E2ACB6}.Debug|Any CPU.Build.0 = Debug|Any CPU
		{C5BEB18F-8151-423A-8729-D520C8E2ACB6}.Debug|ARM.ActiveCfg = Debug|Any CPU
		{C5BEB18F-8151-423A-8729-D520C8E2ACB6}.Debug|Mixed Platforms.ActiveCfg = Debug|Any CPU
		{C5BEB18F-8151-423A-8729-D520C8E2ACB6}.Debug|Mixed Platforms.Build.0 = Debug|Any CPU
		{C5BEB18F-8151-423A-8729-D520C8E2ACB6}.Debug|x64.ActiveCfg = Debug|Any CPU
		{C5BEB18F-8151-423A-8729-D520C8E2ACB6}.Debug|x86.ActiveCfg = Debug|Any CPU
		{C5BEB18F-8151-423A-8729-D520C8E2ACB6}.Release|Any CPU.ActiveCfg = Release|Any CPU
		{C5BEB18F-8151-423A-8729-D520C8E2ACB6}.Release|Any CPU.Build.0 = Release|Any CPU
		{C5BEB18F-8151-423A-8729-D520C8E2ACB6}.Release|ARM.ActiveCfg = Release|Any CPU
		{C5BEB18F-8151-423A-8729-D520C8E2ACB6}.Release|Mixed Platforms.ActiveCfg = Release|Any CPU
		{C5BEB18F-8151-423A-8729-D520C8E2ACB6}.Release|Mixed Platforms.Build.0 = Release|Any CPU
		{C5BEB18F-8151-423A-8729-D520C8E2ACB6}.Release|x64.ActiveCfg = Release|Any CPU
		{C5BEB18F-8151-423A-8729-D520C8E2ACB6}.Release|x86.ActiveCfg = Release|Any CPU
	EndGlobalSection
	GlobalSection(SolutionProperties) = preSolution
		HideSolutionNode = FALSE
	EndGlobalSection
EndGlobal
